lockfileVersion: 6
brain: 01j5661e5gaf6330435zh3bzjx
workflows:
  workflows/2-4-vial.whatsapp.json:
    channel: WHATSAPP
    default: false
    description: "Asistencias viales y servicios automotores GEA Ecuador"
    hash: "sha256:932ef7d0a143448da1a9d9c7a751b72b73aebdcf41d56fd7617602bef758ddcf"
    lastPulledAt: "2026-09-28T16:10:05.359Z"
    name: "2.4 Vial"
    skillId: 4225
    workflowId: 7676
  workflows/2-6-reportar-un-problema.whatsapp.json:
    channel: WHATSAPP
    default: false
    description: "Reportar un problema"
    hash: "sha256:6a7ab114e1c474a0b5377ae20e208c5d3475558f17e47325c6223563e15bb25a"
    lastPulledAt: "2026-09-28T16:40:45.488Z"
    name: "2.6 Reportar un problema"
    skillId: 4233
    workflowId: 7689
  workflows/2-7-1-1-informacion-de-servicio-contratado.whatsapp.json:
    channel: WHATSAPP
    default: false
    description: "Información de servicio contratado"
    hash: "sha256:af3d9a43a04d21f147a0a22a0a102f0ab8a4af37f1678e1a8b593d7ea959e197"
    lastPulledAt: "2026-09-28T16:42:04.226Z"
    name: "2.7.1.1 Información de servicio contratado"
    skillId: 4237
    workflowId: 7693
  workflows/2-7-1-2-solicitar-factura.whatsapp.json:
    channel: WHATSAPP
    default: false
    description: "Solicitar factura"
    hash: "sha256:b5da1711289cf93dd5af13690316a075e152b1653c79bf7b36e32f416a6f0a3e"
    lastPulledAt: "2026-09-28T16:49:36.451Z"
    name: "2.7.1.2 Solicitar factura"
    skillId: 4241
    workflowId: 7707
  workflows/2-7-1-info-de-asistencia.whatsapp.json:
    channel: WHATSAPP
    default: false
    description: "Info de asistencia"
    hash: "sha256:ef5f13ae37cbc0b00b096a1273ad14a81737cc331d0201276a91e83c537b0d01"
    lastPulledAt: "2026-09-28T16:49:45.878Z"
    name: "2.7.1 Info de asistencia"
    skillId: 4235
    workflowId: 7691
  workflows/4-servicios-proteccion-inicio.whatsapp.json:
    channel: WHATSAPP
    default: false
    description: "Skill para consultas del segmento protección"
    hash: "sha256:76fd27e2b6fa92159bbc8c5bb8853ae839ac7a2e7a617ca21f96d945fc26bbe1"
    lastPulledAt: "2026-09-28T17:35:56.155Z"
    name: "4 - Servicios Protección - Inicio"
    skillId: 17117
    workflowId: 29787
  workflows/derivacion-a-asesor.whatsapp.json:
    channel: WHATSAPP
    default: false
    description: "Derivación a asesor en caso de ayuda."
    hash: "sha256:3c74e8a238186e1d3267d23dfd13c17c317eb9e81e3b440a444ebb9e6b18ac55"
    lastPulledAt: "2026-09-28T17:22:16.655Z"
    name: "Derivación a asesor"
    skillId: 26261
    workflowId: 41101
  workflows/informacion-de-servicio-contratado.whatsapp.json:
    channel: WHATSAPP
    default: false
    description: "Información de servicio contratado"
    hash: "sha256:f60e5f5ebf2cdf24896a855ea202d1b6fdf6784f8c555a372954c9b59720e63c"
    lastPulledAt: "2026-09-28T16:42:05.605Z"
    name: "Información de servicio contratado"
    skillId: 5310
    workflowId: 9986
  workflows/otras-soluciones-2.whatsapp.json:
    channel: WHATSAPP
    default: false
    description: "Otras soluciones y servicios alternativos GEA Ecuador"
    hash: "sha256:a3c2382fb2f2fae43e487d9afc94484bbc932679ca68ed87e42a8d7c7e44d830"
    lastPulledAt: "2026-09-28T16:29:48.486Z"
    name: "Otras soluciones 2"
    skillId: 5573
    workflowId: 10406
  workflows/pma.whatsapp.json:
    channel: WHATSAPP
    default: false
    description: "Panel multiagente"
    hash: "sha256:9cf593780971cacebb9cf402e84b635bb5d7504925b665bfb11395f1339b80da"
    lastPulledAt: "2026-09-28T16:42:15.867Z"
    name: PMA
    skillId: 4236
    workflowId: 7692
  workflows/prueba-webview.whatsapp.json:
    channel: WHATSAPP
    default: false
    description: "Skill de prueba: abre la webview Laravel Lucy Ecuador cuando el usuario escribe prueba_webview o pide probar el chat web embebido."
    hash: "sha256:910d49bfabb5ee593ce0222a4cae2857f2d40ded560bcbb39032191eb237a64b"
    lastPulledAt: "2026-10-02T22:28:45.199Z"
    name: prueba_webview
    skillId: 51025
    workflowId: 70197
  workflows/v2-crear-asistencia-sin-direccion-sin-ubicacion.whatsapp.json:
    channel: WHATSAPP
    default: false
    description: "V2 Crear asistencia sin dirección sin ubicación"
    hash: "sha256:255927880aa710d6131a24aa4abdb914f1d253126eb52a456baa8e76d8044883"
    lastPulledAt: "2026-09-28T16:11:39.152Z"
    name: "V2 Crear asistencia sin dirección sin ubicación"
    skillId: 5231
    workflowId: 9878
  workflows/venta-asistencias-contactar-asesor.whatsapp.json:
    channel: WHATSAPP
    default: false
    description: "Skill para contactar a un asesor"
    hash: "sha256:6c66a4f4ce3a89e2af6a2923e6753bb8783993f5242b218bbd2df7dc964c50b5"
    lastPulledAt: "2026-09-28T17:22:28.321Z"
    name: "Venta Asistencias - Contactar Asesor"
    skillId: 10091
    workflowId: 18794
  workflows/venta-asistencias-contratar.whatsapp.json:
    channel: WHATSAPP
    default: false
    description: "Skill para contratar la asistencia"
    hash: "sha256:7c98f4a1cb6b5dcc865ddfd69e920e5a416dd16b7e39f6948fa616bf41f7061b"
    lastPulledAt: "2026-09-28T17:21:43.234Z"
    name: "Venta Asistencias - Contratar"
    skillId: 10090
    workflowId: 18793
  workflows/venta-asistencias-inicio.whatsapp.json:
    channel: WHATSAPP
    default: false
    description: "Skill de inicio para ventas de asistencias"
    hash: "sha256:1492b9d95df6714d2d7a42f01b07b44188958fa7fce056379f1ce947f20c08bf"
    lastPulledAt: "2026-09-28T17:23:24.681Z"
    name: "Venta Asistencias - Inicio"
    skillId: 10089
    workflowId: 18792
tools:
  consultar-registros-datum:
    contractHash: "sha256:6a994e620d24b8a0a11a3b8a56cdd97a16c35cc36d7747ffc548926141570c5e"
    envelopeHash: "sha256:d87f14a95ecb71767c8fef39d2036b2183cad0beebf5daee619e9323f1f8fcb2"
    hash: "sha256:9af0a3fc3106542cd3d27329c28bf151c5ea1bffe7905765cc89c0f62888e724"
    lastPulledAt: "2026-09-28T17:21:27.810Z"
    metaHash: "sha256:45ad5f95d8abf8515f21340dab9829e0c6592d8cdd22b07abbfeda5522e41f88"
    name: "Consultar Registros Datum"
    ownership: FORKED
    toolId: 2006
    versionIndex: 0
    workflowId: 7090
  create-datum-record:
    contractHash: "sha256:32ca5628f1d3190ef24d32a92ddb9566140cc845b7bf65ced59e8319e32796b2"
    envelopeHash: "sha256:09ef9d1cd91eb33061cc228fba5f88cf457f3fe525d7f97271995364dd1ee2b7"
    hash: "sha256:e33e0eedef9041539480f2c3c4683758f9b55fc9fa887b3daca197f16d4ca051"
    lastPulledAt: "2026-09-28T17:20:08.476Z"
    metaHash: "sha256:af9d97f27238cef528513316976e9773e63ed1e6043cece00a660c3879787818"
    name: "Create Datum Record"
    ownership: OWNED
    toolId: 1942
    versionIndex: 0
    workflowId: 6809
